
Microsoft Visual Studio Solution File, Format Version 12.00
# Visual Studio Version 16
VisualStudioVersion = 16.0.31624.102
MinimumVisualStudioVersion = 10.0.40219.1
Project("{FAE04EC0-301F-11D3-BF4B-00C04F79EFBC}") = "WpfApp09", "WpfApp09\WpfApp09.csproj", "{82B6CD34-F633-4D1C-9411-E3FA750862E0}"
EndProject
Global
	GlobalSection(SolutionConfigurationPlatforms) = preSolution
		Debug|Any CPU = Debug|Any CPU
		Release|Any CPU = Release|Any CPU
	EndGlobalSection
	GlobalSection(ProjectConfigurationPlatforms) = postSolution
		{82B6CD34-F633-4D1C-9411-E3FA750862E0}.Debug|Any CPU.ActiveCfg = Debug|Any CPU
		{82B6CD34-F633-4D1C-9411-E3FA750862E0}.Debug|Any CPU.Build.0 = Debug|Any CPU
		{82B6CD34-F633-4D1C-9411-E3FA750862E0}.Release|Any CPU.ActiveCfg = Release|Any CPU
		{82B6CD34-F633-4D1C-9411-E3FA750862E0}.Release|Any CPU.Build.0 = Release|Any CPU
	EndGlobalSection
	GlobalSection(SolutionProperties) = preSolution
		HideSolutionNode = FALSE
	EndGlobalSection
	GlobalSection(ExtensibilityGlobals) = postSolution
		SolutionGuid = {87C8B0C4-3430-4B32-817F-A25C5FBF892A}
	EndGlobalSection
EndGlobal
